<Solution>
  <Folder Name="/build/">
    <File Path="build/azure-pipelines.yml" />
  </Folder>
  <Folder Name="/build/job-templates/">
    <File Path="build/job-templates/build.yml" />
    <File Path="build/job-templates/deploy.yml" />
  </Folder>
  <Folder Name="/certs/">
    <File Path="certs/connect-key.pem" />
    <File Path="certs/connect.pem" />
    <File Path="certs/rootCA.crt" />
  </Folder>
  <Folder Name="/docs/">
    <File Path="docs/clean-architecture.md" />
    <File Path="docs\coding-standards.md" />
    <File Path="docs\personal-access-token.md" />
    <File Path="docs\prerequisites.md" />
    <File Path="docs\project-structure.md" />
  </Folder>
  <Folder Name="/docs/images/">
    <File Path="docs/images/architecture_comparison.png" />
    <File Path="docs/images/clean_architecture_layers.png" />
    <File Path="docs/images/component_architecture.png" />
    <File Path="docs/images/feature_folder_architecture.png" />
    <File Path="docs/images/layered_architecture.png" />
    <File Path="docs/images/uncle_bob_clean_architecture.jpg" />
  </Folder>
  <Folder Name="/infrastructure/" />
  <Folder Name="/infrastructure/arm-templates/">
    <File Path="infrastructure/arm-templates/template.json" />
    <File Path="infrastructure/arm-templates/test-parameters.json" />
  </Folder>
  <Folder Name="/infrastructure/github/" />
  <Folder Name="/infrastructure/github/actions/" />
  <Folder Name="/infrastructure/github/actions/compute-version/">
      <File Path=".github\actions\compute-version\action.yml" />
  </Folder>
  <Folder Name="/infrastructure/github/actions/servicenow/" />
  <Folder Name="/infrastructure/github/actions/servicenow/change-request/" />
  <Folder Name="/infrastructure/github/actions/servicenow/change-request/close/">
    <File Path=".github\actions\servicenow\change-request\close\action.yml" />
  </Folder>
  <Folder Name="/infrastructure/github/actions/servicenow/change-request/create/">
      <File Path=".github\actions\servicenow\change-request\create\action.yml" />
  </Folder>
  <Folder Name="/infrastructure/github/workflows/">
    <File Path=".github\workflows\build.yml" />
    <File Path=".github\workflows\pr_health_check.yml" />
    <File Path=".github\workflows\_deploy.yml" />
    <File Path=".github\workflows\_test.yml" />
  </Folder>
  <Folder Name="/infrastructure/scripts/">
    <File Path="infrastructure/scripts/Test-ArmTemplate.ps1" />
  </Folder>
  <Folder Name="/infrastructure/servicenow/">
    <File Path="infrastructure\servicenow\change-defaults.json" />
  </Folder>
  <Folder Name="/infrastructure/terraform/">
    <File Path="infrastructure\terraform\backend.tf" />
    <File Path="infrastructure\terraform\main.tf" />
    <File Path="infrastructure\terraform\outputs.tf" />
    <File Path="infrastructure\terraform\providers.tf" />
    <File Path="infrastructure\terraform\variables.tf" />
  </Folder>
  <Folder Name="/infrastructure/terraform/env/">
    <File Path="infrastructure\terraform\env\dev.tfvars" />
    <File Path="infrastructure\terraform\env\prod.tfvars" />
    <File Path="infrastructure\terraform\env\test.tfvars" />
  </Folder>
  <Folder Name="/integration/">
    <Project Path="integration/SchoolAccount.Integration.DfESignIn/SchoolAccount.Integration.DfESignIn.csproj" />
  </Folder>
  <Folder Name="/requests/">
    <File Path="requests/SchoolAccount.http" />
  </Folder>
  <Folder Name="/scripts/">
    <File Path="scripts\wait-and-open.cs" />
  </Folder>
  <Folder Name="/solution/">
    <File Path=".csharpierignore" />
    <File Path=".dockerignore" />
    <File Path=".editorconfig" />
    <File Path=".gitignore" />
    <File Path="compose.yml" />
    <File Path="Directory.Build.props" />
    <File Path="Directory.Packages.props" />
    <File Path="global.json" />
    <File Path="init.ps1" />
    <File Path="init.sh" />
    <File Path="README.md" />
  </Folder>
  <Folder Name="/src/">
    <Project Path="src/SchoolAccount.Application/SchoolAccount.Application.csproj" />
    <Project Path="src/SchoolAccount.Domain/SchoolAccount.Domain.csproj" />
    <Project Path="src/SchoolAccount.Infrastructure/SchoolAccount.Infrastructure.csproj" />
    <Project Path="src/SchoolAccount.Kernel/SchoolAccount.Kernel.csproj" />
    <Project Path="src/SchoolAccount.Web.Connect/SchoolAccount.Web.Connect.csproj" />
  </Folder>
  <Folder Name="/tests/">
    <Project Path="tests/SchoolAccount.Application.IntegrationTests/SchoolAccount.Application.IntegrationTests.csproj" />
    <Project Path="tests/SchoolAccount.AuthenticationTests/SchoolAccount.AuthenticationTests.csproj" />
    <Project Path="tests/SchoolAccount.ConformanceTests/SchoolAccount.ConformanceTests.csproj" />
    <Project Path="tests/SchoolAccount.InfrastructureTests/SchoolAccount.InfrastructureTests.csproj" />
    <Project Path="tests/SchoolAccount.IntegrationTests/SchoolAccount.IntegrationTests.csproj" />
    <Project Path="tests/SchoolAccount.Tests.Common/SchoolAccount.Tests.Common.csproj" />
    <Project Path="tests/SchoolAccount.Application.UnitTests/SchoolAccount.Application.UnitTests.csproj" />
    <Project Path="tests/SchoolAccount.Web.Connect.UnitTests/SchoolAccount.Web.Connect.UnitTests.csproj" />
  </Folder>
</Solution>
