<Solution>
  <Folder Name="/integrations/">
    <Project Path="integration/SchoolAccount.Integration.DfESignIn/SchoolAccount.Integration.DfESignIn.csproj" />
  </Folder>
  <Folder Name="/requests/">
    <File Path="Requests/SchoolAccount.http" />
  </Folder>
  <Folder Name="/solution/">
    <File Path=".csharpierignore" />
    <File Path=".editorconfig" />
    <File Path=".gitignore" />
    <File Path="Directory.Build.props" />
    <File Path="Directory.Packages.props" />
    <File Path="global.json" />
  </Folder>
  <Folder Name="/src/">
    <Project Path="src/SchoolAccount.Application/SchoolAccount.Application.csproj" />
    <Project Path="src/SchoolAccount.Domain/SchoolAccount.Domain.csproj" />
    <Project Path="src/SchoolAccount.Infrastructure/SchoolAccount.Infrastructure.csproj" />
    <Project Path="src/SchoolAccount.Kernel/SchoolAccount.Kernel.csproj" />
    <Project Path="src/SchoolAccount.Web.Connect/SchoolAccount.Web.Connect.csproj" />
  </Folder>
  <Folder Name="/tests/">
    <Project Path="src/SchoolAccount.AuthenticationTests/SchoolAccount.AuthenticationTests.csproj" />
    <Project Path="src/SchoolAccount.ConformanceTests/SchoolAccount.ConformanceTests.csproj" />
    <Project Path="src/SchoolAccount.IntegrationTests/SchoolAccount.IntegrationTests.csproj" />
    <Project Path="src/SchoolAccount.Web.Connect.Tests.Unit/SchoolAccount.Web.Connect.Tests.Unit.csproj" />
  </Folder>
</Solution>
