
Microsoft Visual Studio Solution File, Format Version 12.00
# Visual Studio Version 17
VisualStudioVersion = 17.5.2.0
MinimumVisualStudioVersion = 10.0.40219.1
Project("{FAE04EC0-301F-11D3-BF4B-00C04F79EFBC}") = "SchoolAccount.Web.Connect.E2ETests", "SchoolAccount.Web.Connect.E2ETests.csproj", "{02FA1C72-1D0D-40A3-AA1A-16978BCD0384}"
EndProject
Global
	GlobalSection(SolutionConfigurationPlatforms) = preSolution
		Debug|Any CPU = Debug|Any CPU
		Debug|x64 = Debug|x64
		Debug|x86 = Debug|x86
		Release|Any CPU = Release|Any CPU
		Release|x64 = Release|x64
		Release|x86 = Release|x86
	EndGlobalSection
	GlobalSection(ProjectConfigurationPlatforms) = postSolution
		{02FA1C72-1D0D-40A3-AA1A-16978BCD0384}.Debug|Any CPU.ActiveCfg = Debug|Any CPU
		{02FA1C72-1D0D-40A3-AA1A-16978BCD0384}.Debug|Any CPU.Build.0 = Debug|Any CPU
		{02FA1C72-1D0D-40A3-AA1A-16978BCD0384}.Debug|x64.ActiveCfg = Debug|Any CPU
		{02FA1C72-1D0D-40A3-AA1A-16978BCD0384}.Debug|x64.Build.0 = Debug|Any CPU
		{02FA1C72-1D0D-40A3-AA1A-16978BCD0384}.Debug|x86.ActiveCfg = Debug|Any CPU
		{02FA1C72-1D0D-40A3-AA1A-16978BCD0384}.Debug|x86.Build.0 = Debug|Any CPU
		{02FA1C72-1D0D-40A3-AA1A-16978BCD0384}.Release|Any CPU.ActiveCfg = Release|Any CPU
		{02FA1C72-1D0D-40A3-AA1A-16978BCD0384}.Release|Any CPU.Build.0 = Release|Any CPU
		{02FA1C72-1D0D-40A3-AA1A-16978BCD0384}.Release|x64.ActiveCfg = Release|Any CPU
		{02FA1C72-1D0D-40A3-AA1A-16978BCD0384}.Release|x64.Build.0 = Release|Any CPU
		{02FA1C72-1D0D-40A3-AA1A-16978BCD0384}.Release|x86.ActiveCfg = Release|Any CPU
		{02FA1C72-1D0D-40A3-AA1A-16978BCD0384}.Release|x86.Build.0 = Release|Any CPU
	EndGlobalSection
	GlobalSection(SolutionProperties) = preSolution
		HideSolutionNode = FALSE
	EndGlobalSection
	GlobalSection(ExtensibilityGlobals) = postSolution
		SolutionGuid = {82E086A9-3A2E-4E11-B3F0-C3FB2B20ABA1}
	EndGlobalSection
EndGlobal
